
Microsoft Visual Studio Solution File, Format Version 12.00
# Visual Studio Version 17
VisualStudioVersion = 17.6.33815.320
MinimumVisualStudioVersion = 10.0.40219.1
Project("{888888A0-9F3D-457C-B088-3A5042F75D52}") = "property dashbord", "property dashbord.pyproj", "{BA8B993E-16E0-4C43-B075-4828E02E857D}"
EndProject
Global
	GlobalSection(SolutionConfigurationPlatforms) = preSolution
		Debug|Any CPU = Debug|Any CPU
		Release|Any CPU = Release|Any CPU
	EndGlobalSection
	GlobalSection(ProjectConfigurationPlatforms) = postSolution
		{BA8B993E-16E0-4C43-B075-4828E02E857D}.Debug|Any CPU.ActiveCfg = Debug|Any CPU
		{BA8B993E-16E0-4C43-B075-4828E02E857D}.Release|Any CPU.ActiveCfg = Release|Any CPU
	EndGlobalSection
	GlobalSection(SolutionProperties) = preSolution
		HideSolutionNode = FALSE
	EndGlobalSection
	GlobalSection(ExtensibilityGlobals) = postSolution
		SolutionGuid = {59F1D1D0-C0D9-47EC-8BFE-0EB7A07AED67}
	EndGlobalSection
EndGlobal
